{
	"requires": true,
	"lockfileVersion": 1,
	"dependencies": {
		"why-simple-module": {
			"version": "2.0.0",
			"resolved": "https://registry.npmjs.org/why-simple-module/-/why-simple-module-2.0.0.tgz",
			"integrity": "sha512-e5ZwcVHxpvyvfW9fuwCVRxPT9brBYDhu1ht6JASvJra/VvmWEgX06PnSt45SJTZZSp4yCLBWD+PBDX5RjXl5oQ=="
		}
	}
}
