{
	"name": "@why-monorepo-demo/simple-module-a",
	"version": "2.0.1",
	"lockfileVersion": 1,
	"requires": true,
	"dependencies": {
		"why-simple-module": {
			"version": "1.0.0",
			"resolved": "https://registry.navercorp.com:443/api/npm/npm-naver/why-simple-module/-/why-simple-module-1.0.0.tgz",
			"integrity": "sha1-hMasLB6pKuy7vV5Gnx7az62LEzg="
		}
	}
}
